
Microsoft Visual Studio Solution File, Format Version 12.00
# Visual Studio Version 16
VisualStudioVersion = 16.0.30128.74
MinimumVisualStudioVersion = 10.0.40219.1
Project("{8BC9CEB8-8B4A-11D0-8D11-00A0C91BC942}") = "Main", "ProyectoSIC\ProyectoSIC.vcxproj", "{C4E03021-7501-442B-B0DB-D4FB544E2F07}"
EndProject
Project("{8BC9CEB8-8B4A-11D0-8D11-00A0C91BC942}") = "clases", "clases\clases.vcxproj", "{0773080C-95E0-4748-AB51-883D061D564C}"
EndProject
Project("{8BC9CEB8-8B4A-11D0-8D11-00A0C91BC942}") = "PruebasUnitarias", "PruebasUnitarias\PruebasUnitarias.vcxproj", "{DE3898D2-D9CE-468F-BEF8-6EF8DCF3CC03}"
EndProject
Project("{8BC9CEB8-8B4A-11D0-8D11-00A0C91BC942}") = "Utilidades", "Utilidades\Utilidades.vcxproj", "{983FF3B6-D3FD-4397-8AB6-71B15CA61377}"
EndProject
Global
	GlobalSection(SolutionConfigurationPlatforms) = preSolution
		Debug|x64 = Debug|x64
		Debug|x86 = Debug|x86
		Release|x64 = Release|x64
		Release|x86 = Release|x86
	EndGlobalSection
	GlobalSection(ProjectConfigurationPlatforms) = postSolution
		{C4E03021-7501-442B-B0DB-D4FB544E2F07}.Debug|x64.ActiveCfg = Debug|x64
		{C4E03021-7501-442B-B0DB-D4FB544E2F07}.Debug|x64.Build.0 = Debug|x64
		{C4E03021-7501-442B-B0DB-D4FB544E2F07}.Debug|x86.ActiveCfg = Debug|Win32
		{C4E03021-7501-442B-B0DB-D4FB544E2F07}.Debug|x86.Build.0 = Debug|Win32
		{C4E03021-7501-442B-B0DB-D4FB544E2F07}.Release|x64.ActiveCfg = Release|x64
		{C4E03021-7501-442B-B0DB-D4FB544E2F07}.Release|x64.Build.0 = Release|x64
		{C4E03021-7501-442B-B0DB-D4FB544E2F07}.Release|x86.ActiveCfg = Release|Win32
		{C4E03021-7501-442B-B0DB-D4FB544E2F07}.Release|x86.Build.0 = Release|Win32
		{0773080C-95E0-4748-AB51-883D061D564C}.Debug|x64.ActiveCfg = Debug|x64
		{0773080C-95E0-4748-AB51-883D061D564C}.Debug|x64.Build.0 = Debug|x64
		{0773080C-95E0-4748-AB51-883D061D564C}.Debug|x86.ActiveCfg = Debug|Win32
		{0773080C-95E0-4748-AB51-883D061D564C}.Debug|x86.Build.0 = Debug|Win32
		{0773080C-95E0-4748-AB51-883D061D564C}.Release|x64.ActiveCfg = Release|x64
		{0773080C-95E0-4748-AB51-883D061D564C}.Release|x64.Build.0 = Release|x64
		{0773080C-95E0-4748-AB51-883D061D564C}.Release|x86.ActiveCfg = Release|Win32
		{0773080C-95E0-4748-AB51-883D061D564C}.Release|x86.Build.0 = Release|Win32
		{DE3898D2-D9CE-468F-BEF8-6EF8DCF3CC03}.Debug|x64.ActiveCfg = Debug|x64
		{DE3898D2-D9CE-468F-BEF8-6EF8DCF3CC03}.Debug|x64.Build.0 = Debug|x64
		{DE3898D2-D9CE-468F-BEF8-6EF8DCF3CC03}.Debug|x86.ActiveCfg = Debug|Win32
		{DE3898D2-D9CE-468F-BEF8-6EF8DCF3CC03}.Debug|x86.Build.0 = Debug|Win32
		{DE3898D2-D9CE-468F-BEF8-6EF8DCF3CC03}.Release|x64.ActiveCfg = Release|x64
		{DE3898D2-D9CE-468F-BEF8-6EF8DCF3CC03}.Release|x64.Build.0 = Release|x64
		{DE3898D2-D9CE-468F-BEF8-6EF8DCF3CC03}.Release|x86.ActiveCfg = Release|Win32
		{DE3898D2-D9CE-468F-BEF8-6EF8DCF3CC03}.Release|x86.Build.0 = Release|Win32
		{983FF3B6-D3FD-4397-8AB6-71B15CA61377}.Debug|x64.ActiveCfg = Debug|x64
		{983FF3B6-D3FD-4397-8AB6-71B15CA61377}.Debug|x64.Build.0 = Debug|x64
		{983FF3B6-D3FD-4397-8AB6-71B15CA61377}.Debug|x86.ActiveCfg = Debug|Win32
		{983FF3B6-D3FD-4397-8AB6-71B15CA61377}.Debug|x86.Build.0 = Debug|Win32
		{983FF3B6-D3FD-4397-8AB6-71B15CA61377}.Release|x64.ActiveCfg = Release|x64
		{983FF3B6-D3FD-4397-8AB6-71B15CA61377}.Release|x64.Build.0 = Release|x64
		{983FF3B6-D3FD-4397-8AB6-71B15CA61377}.Release|x86.ActiveCfg = Release|Win32
		{983FF3B6-D3FD-4397-8AB6-71B15CA61377}.Release|x86.Build.0 = Release|Win32
	EndGlobalSection
	GlobalSection(SolutionProperties) = preSolution
		HideSolutionNode = FALSE
	EndGlobalSection
	GlobalSection(ExtensibilityGlobals) = postSolution
		SolutionGuid = {523E3B7B-B76B-4738-9B29-AA5220A15DCE}
	EndGlobalSection
EndGlobal
